
Microsoft Visual Studio Solution File, Format Version 12.00
# Visual Studio Version 16
VisualStudioVersion = 16.0.31112.23
MinimumVisualStudioVersion = 10.0.40219.1
Project("{FAE04EC0-301F-11D3-BF4B-00C04F79EFBC}") = "DictionaryApp.Android", "DictionaryApp\DictionaryApp.Android\DictionaryApp.Android.csproj", "{12A9A08E-5FD1-41EE-9E9E-FE1D77B0CEF3}"
EndProject
Project("{FAE04EC0-301F-11D3-BF4B-00C04F79EFBC}") = "DictionaryApp", "DictionaryApp\DictionaryApp\DictionaryApp.csproj", "{1403C566-DDBE-4CFF-B51C-2582A3D4B145}"
EndProject
Global
	GlobalSection(SolutionConfigurationPlatforms) = preSolution
		Debug|Any CPU = Debug|Any CPU
		Release|Any CPU = Release|Any CPU
	EndGlobalSection
	GlobalSection(ProjectConfigurationPlatforms) = postSolution
		{12A9A08E-5FD1-41EE-9E9E-FE1D77B0CEF3}.Debug|Any CPU.ActiveCfg = Debug|Any CPU
		{12A9A08E-5FD1-41EE-9E9E-FE1D77B0CEF3}.Debug|Any CPU.Build.0 = Debug|Any CPU
		{12A9A08E-5FD1-41EE-9E9E-FE1D77B0CEF3}.Debug|Any CPU.Deploy.0 = Debug|Any CPU
		{12A9A08E-5FD1-41EE-9E9E-FE1D77B0CEF3}.Release|Any CPU.ActiveCfg = Release|Any CPU
		{12A9A08E-5FD1-41EE-9E9E-FE1D77B0CEF3}.Release|Any CPU.Build.0 = Release|Any CPU
		{12A9A08E-5FD1-41EE-9E9E-FE1D77B0CEF3}.Release|Any CPU.Deploy.0 = Release|Any CPU
		{1403C566-DDBE-4CFF-B51C-2582A3D4B145}.Debug|Any CPU.ActiveCfg = Debug|Any CPU
		{1403C566-DDBE-4CFF-B51C-2582A3D4B145}.Debug|Any CPU.Build.0 = Debug|Any CPU
		{1403C566-DDBE-4CFF-B51C-2582A3D4B145}.Debug|Any CPU.Deploy.0 = Debug|Any CPU
		{1403C566-DDBE-4CFF-B51C-2582A3D4B145}.Release|Any CPU.ActiveCfg = Release|Any CPU
		{1403C566-DDBE-4CFF-B51C-2582A3D4B145}.Release|Any CPU.Build.0 = Release|Any CPU
		{1403C566-DDBE-4CFF-B51C-2582A3D4B145}.Release|Any CPU.Deploy.0 = Release|Any CPU
	EndGlobalSection
	GlobalSection(SolutionProperties) = preSolution
		HideSolutionNode = FALSE
	EndGlobalSection
	GlobalSection(ExtensibilityGlobals) = postSolution
		SolutionGuid = {95C01C1A-95F6-4473-A02B-EA5615197EF6}
	EndGlobalSection
EndGlobal
